// !$*UTF8*$!
{
	archiveVersion = 1;
	classes = {
	};
	objectVersion = 46;
	objects = {

/* Begin PBXBuildFile section */
		D042AFF11D11C3620095D480 /* AppDelegate.swift in Sources */ = {isa = PBXBuildFile; fileRef = D042AFF01D11C3620095D480 /* AppDelegate.swift */; };
		D042AFF31D11C3620095D480 /* ViewController.swift in Sources */ = {isa = PBXBuildFile; fileRef = D042AFF21D11C3620095D480 /* ViewController.swift */; };
		D042AFF61D11C3620095D480 /* Main.storyboard in Resources */ = {isa = PBXBuildFile; fileRef = D042AFF41D11C3620095D480 /* Main.storyboard */; };
		D042AFF91D11C3620095D480 /* BLAMProgressMonitor.xcdatamodeld in Sources */ = {isa = PBXBuildFile; fileRef = D042AFF71D11C3620095D480 /* BLAMProgressMonitor.xcdatamodeld */; };
		D042AFFB1D11C3620095D480 /* Assets.xcassets in Resources */ = {isa = PBXBuildFile; fileRef = D042AFFA1D11C3620095D480 /* Assets.xcassets */; };
		D042AFFE1D11C3620095D480 /* LaunchScreen.storyboard in Resources */ = {isa = PBXBuildFile; fileRef = D042AFFC1D11C3620095D480 /* LaunchScreen.storyboard */; };
		D042B0071D11C3A00095D480 /* UIApplicationExtensions.swift in Sources */ = {isa = PBXBuildFile; fileRef = D042B0061D11C3A00095D480 /* UIApplicationExtensions.swift */; };
		D042B00C1D11C41E0095D480 /* BLAMProgressMonitorVC.swift in Sources */ = {isa = PBXBuildFile; fileRef = D042B00A1D11C41E0095D480 /* BLAMProgressMonitorVC.swift */; };
		D042B00D1D11C41E0095D480 /* BLAMProgressMonitorVC.xib in Resources */ = {isa = PBXBuildFile; fileRef = D042B00B1D11C41E0095D480 /* BLAMProgressMonitorVC.xib */; };
		D042B0101D11C4B70095D480 /* BGSTransitionCenteredModal.swift in Sources */ = {isa = PBXBuildFile; fileRef = D042B00F1D11C4B70095D480 /* BGSTransitionCenteredModal.swift */; };
		D042B0121D11C5410095D480 /* BGSTransitionCenteredAnimator.swift in Sources */ = {isa = PBXBuildFile; fileRef = D042B0111D11C5410095D480 /* BGSTransitionCenteredAnimator.swift */; };
		D042B0151D12AA020095D480 /* BGSUICircleView.swift in Sources */ = {isa = PBXBuildFile; fileRef = D042B0141D12AA020095D480 /* BGSUICircleView.swift */; };
		D042B0191D147D5D0095D480 /* BGSPMTableView.swift in Sources */ = {isa = PBXBuildFile; fileRef = D042B0171D147D5D0095D480 /* BGSPMTableView.swift */; };
		D042B01A1D147D5D0095D480 /* BGSPMTableView.xib in Resources */ = {isa = PBXBuildFile; fileRef = D042B0181D147D5D0095D480 /* BGSPMTableView.xib */; };
		D042B01E1D1534730095D480 /* BGSPMTableViewDataSource.swift in Sources */ = {isa = PBXBuildFile; fileRef = D042B01D1D1534730095D480 /* BGSPMTableViewDataSource.swift */; };
		D042B0211D1536D40095D480 /* BGSPMCoreData.swift in Sources */ = {isa = PBXBuildFile; fileRef = D042B0201D1536D40095D480 /* BGSPMCoreData.swift */; };
		D042B0241D15383D0095D480 /* BGSPMDataModel.xcdatamodeld in Sources */ = {isa = PBXBuildFile; fileRef = D042B0221D15383D0095D480 /* BGSPMDataModel.xcdatamodeld */; };
		D042B02C1D153AF60095D480 /* BLAMProgressMonitorTests.swift in Sources */ = {isa = PBXBuildFile; fileRef = D042B02B1D153AF60095D480 /* BLAMProgressMonitorTests.swift */; };
		D042B0341D153C220095D480 /* BLAMPMCoreDataTests.swift in Sources */ = {isa = PBXBuildFile; fileRef = D042B0331D153C220095D480 /* BLAMPMCoreDataTests.swift */; };
		D042B0351D153E110095D480 /* BGSPMCoreData.swift in Sources */ = {isa = PBXBuildFile; fileRef = D042B0201D1536D40095D480 /* BGSPMCoreData.swift */; };
		D042B03A1D16FC4D0095D480 /* Job+CoreDataProperties.swift in Sources */ = {isa = PBXBuildFile; fileRef = D042B0361D16FC4D0095D480 /* Job+CoreDataProperties.swift */; };
		D042B03B1D16FC4D0095D480 /* Job.swift in Sources */ = {isa = PBXBuildFile; fileRef = D042B0371D16FC4D0095D480 /* Job.swift */; };
		D042B03C1D16FC4D0095D480 /* JobStep+CoreDataProperties.swift in Sources */ = {isa = PBXBuildFile; fileRef = D042B0381D16FC4D0095D480 /* JobStep+CoreDataProperties.swift */; };
		D042B03D1D16FC4D0095D480 /* JobStep.swift in Sources */ = {isa = PBXBuildFile; fileRef = D042B0391D16FC4D0095D480 /* JobStep.swift */; };
/* End PBXBuildFile section */

/* Begin PBXContainerItemProxy section */
		D042B02E1D153AF60095D480 /* PBXContainerItemProxy */ = {
			isa = PBXContainerItemProxy;
			containerPortal = D042AFE51D11C3620095D480 /* Project object */;
			proxyType = 1;
			remoteGlobalIDString = D042AFEC1D11C3620095D480;
			remoteInfo = BLAMProgressMonitor;
		};
/* End PBXContainerItemProxy section */

/* Begin PBXFileReference section */
		D042AFED1D11C3620095D480 /* BLAMProgressMonitor.app */ = {isa = PBXFileReference; explicitFileType = wrapper.application; includeInIndex = 0; path = BLAMProgressMonitor.app; sourceTree = BUILT_PRODUCTS_DIR; };
		D042AFF01D11C3620095D480 /* AppDelegate.swift */ = {isa = PBXFileReference; lastKnownFileType = sourcecode.swift; path = AppDelegate.swift; sourceTree = "<group>"; };
		D042AFF21D11C3620095D480 /* ViewController.swift */ = {isa = PBXFileReference; lastKnownFileType = sourcecode.swift; path = ViewController.swift; sourceTree = "<group>"; };
		D042AFF51D11C3620095D480 /* Base */ = {isa = PBXFileReference; lastKnownFileType = file.storyboard; name = Base; path = Base.lproj/Main.storyboard; sourceTree = "<group>"; };
		D042AFF81D11C3620095D480 /* BLAMProgressMonitor.xcdatamodel */ = {isa = PBXFileReference; lastKnownFileType = wrapper.xcdatamodel; path = BLAMProgressMonitor.xcdatamodel; sourceTree = "<group>"; };
		D042AFFA1D11C3620095D480 /* Assets.xcassets */ = {isa = PBXFileReference; lastKnownFileType = folder.assetcatalog; path = Assets.xcassets; sourceTree = "<group>"; };
		D042AFFD1D11C3620095D480 /* Base */ = {isa = PBXFileReference; lastKnownFileType = file.storyboard; name = Base; path = Base.lproj/LaunchScreen.storyboard; sourceTree = "<group>"; };
		D042AFFF1D11C3620095D480 /* Info.plist */ = {isa = PBXFileReference; lastKnownFileType = text.plist.xml; path = Info.plist; sourceTree = "<group>"; };
		D042B0061D11C3A00095D480 /* UIApplicationExtensions.swift */ = {isa = PBXFileReference; fileEncoding = 4; lastKnownFileType = sourcecode.swift; name = UIApplicationExtensions.swift; path = Extensions/UIApplicationExtensions.swift; sourceTree = "<group>"; };
		D042B00A1D11C41E0095D480 /* BLAMProgressMonitorVC.swift */ = {isa = PBXFileReference; fileEncoding = 4; lastKnownFileType = sourcecode.swift; name = BLAMProgressMonitorVC.swift; path = GUI/ProgressMonitor/BLAMProgressMonitorVC.swift; sourceTree = "<group>"; };
		D042B00B1D11C41E0095D480 /* BLAMProgressMonitorVC.xib */ = {isa = PBXFileReference; fileEncoding = 4; lastKnownFileType = file.xib; name = BLAMProgressMonitorVC.xib; path = GUI/ProgressMonitor/BLAMProgressMonitorVC.xib; sourceTree = "<group>"; };
		D042B00F1D11C4B70095D480 /* BGSTransitionCenteredModal.swift */ = {isa = PBXFileReference; fileEncoding = 4; lastKnownFileType = sourcecode.swift; path = BGSTransitionCenteredModal.swift; sourceTree = "<group>"; };
		D042B0111D11C5410095D480 /* BGSTransitionCenteredAnimator.swift */ = {isa = PBXFileReference; fileEncoding = 4; lastKnownFileType = sourcecode.swift; path = BGSTransitionCenteredAnimator.swift; sourceTree = "<group>"; };
		D042B0141D12AA020095D480 /* BGSUICircleView.swift */ = {isa = PBXFileReference; fileEncoding = 4; lastKnownFileType = sourcecode.swift; name = BGSUICircleView.swift; path = GUI/CircleView/BGSUICircleView.swift; sourceTree = "<group>"; };
		D042B0171D147D5D0095D480 /* BGSPMTableView.swift */ = {isa = PBXFileReference; fileEncoding = 4; lastKnownFileType = sourcecode.swift; name = BGSPMTableView.swift; path = GUI/TableView/BGSPMTableView.swift; sourceTree = "<group>"; };
		D042B0181D147D5D0095D480 /* BGSPMTableView.xib */ = {isa = PBXFileReference; fileEncoding = 4; lastKnownFileType = file.xib; name = BGSPMTableView.xib; path = GUI/TableView/BGSPMTableView.xib; sourceTree = "<group>"; };
		D042B01D1D1534730095D480 /* BGSPMTableViewDataSource.swift */ = {isa = PBXFileReference; fileEncoding = 4; lastKnownFileType = sourcecode.swift; name = BGSPMTableViewDataSource.swift; path = GUI/TableView/BGSPMTableViewDataSource.swift; sourceTree = "<group>"; };
		D042B0201D1536D40095D480 /* BGSPMCoreData.swift */ = {isa = PBXFileReference; fileEncoding = 4; lastKnownFileType = sourcecode.swift; name = BGSPMCoreData.swift; path = CoreData/BGSPMCoreData.swift; sourceTree = "<group>"; };
		D042B0231D15383D0095D480 /* BGSPMDataModel.xcdatamodel */ = {isa = PBXFileReference; lastKnownFileType = wrapper.xcdatamodel; path = BGSPMDataModel.xcdatamodel; sourceTree = "<group>"; };
		D042B0291D153AF60095D480 /* BLAMProgressMonitorTests.xctest */ = {isa = PBXFileReference; explicitFileType = wrapper.cfbundle; includeInIndex = 0; path = BLAMProgressMonitorTests.xctest; sourceTree = BUILT_PRODUCTS_DIR; };
		D042B02B1D153AF60095D480 /* BLAMProgressMonitorTests.swift */ = {isa = PBXFileReference; lastKnownFileType = sourcecode.swift; path = BLAMProgressMonitorTests.swift; sourceTree = "<group>"; };
		D042B02D1D153AF60095D480 /* Info.plist */ = {isa = PBXFileReference; lastKnownFileType = text.plist.xml; path = Info.plist; sourceTree = "<group>"; };
		D042B0331D153C220095D480 /* BLAMPMCoreDataTests.swift */ = {isa = PBXFileReference; fileEncoding = 4; lastKnownFileType = sourcecode.swift; path = BLAMPMCoreDataTests.swift; sourceTree = "<group>"; };
		D042B0361D16FC4D0095D480 /* Job+CoreDataProperties.swift */ = {isa = PBXFileReference; fileEncoding = 4; lastKnownFileType = sourcecode.swift; name = "Job+CoreDataProperties.swift"; path = "CoreData/Job+CoreDataProperties.swift"; sourceTree = "<group>"; };
		D042B0371D16FC4D0095D480 /* Job.swift */ = {isa = PBXFileReference; fileEncoding = 4; lastKnownFileType = sourcecode.swift; name = Job.swift; path = CoreData/Job.swift; sourceTree = "<group>"; };
		D042B0381D16FC4D0095D480 /* JobStep+CoreDataProperties.swift */ = {isa = PBXFileReference; fileEncoding = 4; lastKnownFileType = sourcecode.swift; name = "JobStep+CoreDataProperties.swift"; path = "CoreData/JobStep+CoreDataProperties.swift"; sourceTree = "<group>"; };
		D042B0391D16FC4D0095D480 /* JobStep.swift */ = {isa = PBXFileReference; fileEncoding = 4; lastKnownFileType = sourcecode.swift; name = JobStep.swift; path = CoreData/JobStep.swift; sourceTree = "<group>"; };
/* End PBXFileReference section */

/* Begin PBXFrameworksBuildPhase section */
		D042AFEA1D11C3620095D480 /* Frameworks */ = {
			isa = PBXFrameworksBuildPhase;
			buildActionMask = 2147483647;
			files = (
			);
			runOnlyForDeploymentPostprocessing = 0;
		};
		D042B0261D153AF60095D480 /* Frameworks */ = {
			isa = PBXFrameworksBuildPhase;
			buildActionMask = 2147483647;
			files = (
			);
			runOnlyForDeploymentPostprocessing = 0;
		};
/* End PBXFrameworksBuildPhase section */

/* Begin PBXGroup section */
		D042AFE41D11C3620095D480 = {
			isa = PBXGroup;
			children = (
				D042AFEF1D11C3620095D480 /* BLAMProgressMonitor */,
				D042B02A1D153AF60095D480 /* BLAMProgressMonitorTests */,
				D042AFEE1D11C3620095D480 /* Products */,
			);
			sourceTree = "<group>";
		};
		D042AFEE1D11C3620095D480 /* Products */ = {
			isa = PBXGroup;
			children = (
				D042AFED1D11C3620095D480 /* BLAMProgressMonitor.app */,
				D042B0291D153AF60095D480 /* BLAMProgressMonitorTests.xctest */,
			);
			name = Products;
			sourceTree = "<group>";
		};
		D042AFEF1D11C3620095D480 /* BLAMProgressMonitor */ = {
			isa = PBXGroup;
			children = (
				D042B01F1D15368D0095D480 /* CoreData */,
				D042B00E1D11C4910095D480 /* TransitionManagers */,
				D042B0081D11C3E10095D480 /* GUI */,
				D042B0051D11C36A0095D480 /* Extensions */,
				D042AFF01D11C3620095D480 /* AppDelegate.swift */,
				D042AFF21D11C3620095D480 /* ViewController.swift */,
				D042AFF41D11C3620095D480 /* Main.storyboard */,
				D042AFFA1D11C3620095D480 /* Assets.xcassets */,
				D042AFFC1D11C3620095D480 /* LaunchScreen.storyboard */,
				D042AFFF1D11C3620095D480 /* Info.plist */,
				D042AFF71D11C3620095D480 /* BLAMProgressMonitor.xcdatamodeld */,
			);
			path = BLAMProgressMonitor;
			sourceTree = "<group>";
		};
		D042B0051D11C36A0095D480 /* Extensions */ = {
			isa = PBXGroup;
			children = (
				D042B0061D11C3A00095D480 /* UIApplicationExtensions.swift */,
			);
			name = Extensions;
			sourceTree = "<group>";
		};
		D042B0081D11C3E10095D480 /* GUI */ = {
			isa = PBXGroup;
			children = (
				D042B0161D147D030095D480 /* TableView */,
				D042B0131D12A9A10095D480 /* CircleView */,
				D042B0091D11C3EB0095D480 /* ProgressMonitor */,
			);
			name = GUI;
			sourceTree = "<group>";
		};
		D042B0091D11C3EB0095D480 /* ProgressMonitor */ = {
			isa = PBXGroup;
			children = (
				D042B00A1D11C41E0095D480 /* BLAMProgressMonitorVC.swift */,
				D042B00B1D11C41E0095D480 /* BLAMProgressMonitorVC.xib */,
			);
			name = ProgressMonitor;
			sourceTree = "<group>";
		};
		D042B00E1D11C4910095D480 /* TransitionManagers */ = {
			isa = PBXGroup;
			children = (
				D042B0111D11C5410095D480 /* BGSTransitionCenteredAnimator.swift */,
				D042B00F1D11C4B70095D480 /* BGSTransitionCenteredModal.swift */,
			);
			name = TransitionManagers;
			sourceTree = "<group>";
		};
		D042B0131D12A9A10095D480 /* CircleView */ = {
			isa = PBXGroup;
			children = (
				D042B0141D12AA020095D480 /* BGSUICircleView.swift */,
			);
			name = CircleView;
			sourceTree = "<group>";
		};
		D042B0161D147D030095D480 /* TableView */ = {
			isa = PBXGroup;
			children = (
				D042B0171D147D5D0095D480 /* BGSPMTableView.swift */,
				D042B0181D147D5D0095D480 /* BGSPMTableView.xib */,
				D042B01D1D1534730095D480 /* BGSPMTableViewDataSource.swift */,
			);
			name = TableView;
			sourceTree = "<group>";
		};
		D042B01F1D15368D0095D480 /* CoreData */ = {
			isa = PBXGroup;
			children = (
				D042B0201D1536D40095D480 /* BGSPMCoreData.swift */,
				D042B0221D15383D0095D480 /* BGSPMDataModel.xcdatamodeld */,
				D042B0361D16FC4D0095D480 /* Job+CoreDataProperties.swift */,
				D042B0371D16FC4D0095D480 /* Job.swift */,
				D042B0381D16FC4D0095D480 /* JobStep+CoreDataProperties.swift */,
				D042B0391D16FC4D0095D480 /* JobStep.swift */,
			);
			name = CoreData;
			sourceTree = "<group>";
		};
		D042B02A1D153AF60095D480 /* BLAMProgressMonitorTests */ = {
			isa = PBXGroup;
			children = (
				D042B02B1D153AF60095D480 /* BLAMProgressMonitorTests.swift */,
				D042B02D1D153AF60095D480 /* Info.plist */,
				D042B0331D153C220095D480 /* BLAMPMCoreDataTests.swift */,
			);
			path = BLAMProgressMonitorTests;
			sourceTree = "<group>";
		};
/* End PBXGroup section */

/* Begin PBXNativeTarget section */
		D042AFEC1D11C3620095D480 /* BLAMProgressMonitor */ = {
			isa = PBXNativeTarget;
			buildConfigurationList = D042B0021D11C3620095D480 /* Build configuration list for PBXNativeTarget "BLAMProgressMonitor" */;
			buildPhases = (
				D042AFE91D11C3620095D480 /* Sources */,
				D042AFEA1D11C3620095D480 /* Frameworks */,
				D042AFEB1D11C3620095D480 /* Resources */,
			);
			buildRules = (
			);
			dependencies = (
			);
			name = BLAMProgressMonitor;
			productName = BLAMProgressMonitor;
			productReference = D042AFED1D11C3620095D480 /* BLAMProgressMonitor.app */;
			productType = "com.apple.product-type.application";
		};
		D042B0281D153AF60095D480 /* BLAMProgressMonitorTests */ = {
			isa = PBXNativeTarget;
			buildConfigurationList = D042B0301D153AF60095D480 /* Build configuration list for PBXNativeTarget "BLAMProgressMonitorTests" */;
			buildPhases = (
				D042B0251D153AF60095D480 /* Sources */,
				D042B0261D153AF60095D480 /* Frameworks */,
				D042B0271D153AF60095D480 /* Resources */,
			);
			buildRules = (
			);
			dependencies = (
				D042B02F1D153AF60095D480 /* PBXTargetDependency */,
			);
			name = BLAMProgressMonitorTests;
			productName = BLAMProgressMonitorTests;
			productReference = D042B0291D153AF60095D480 /* BLAMProgressMonitorTests.xctest */;
			productType = "com.apple.product-type.bundle.unit-test";
		};
/* End PBXNativeTarget section */

/* Begin PBXProject section */
		D042AFE51D11C3620095D480 /* Project object */ = {
			isa = PBXProject;
			attributes = {
				LastSwiftUpdateCheck = 0730;
				LastUpgradeCheck = 0730;
				ORGANIZATIONNAME = "Bright Green Star";
				TargetAttributes = {
					D042AFEC1D11C3620095D480 = {
						CreatedOnToolsVersion = 7.3.1;
					};
					D042B0281D153AF60095D480 = {
						CreatedOnToolsVersion = 7.3.1;
						TestTargetID = D042AFEC1D11C3620095D480;
					};
				};
			};
			buildConfigurationList = D042AFE81D11C3620095D480 /* Build configuration list for PBXProject "BLAMProgressMonitor" */;
			compatibilityVersion = "Xcode 3.2";
			developmentRegion = English;
			hasScannedForEncodings = 0;
			knownRegions = (
				en,
				Base,
			);
			mainGroup = D042AFE41D11C3620095D480;
			productRefGroup = D042AFEE1D11C3620095D480 /* Products */;
			projectDirPath = "";
			projectRoot = "";
			targets = (
				D042AFEC1D11C3620095D480 /* BLAMProgressMonitor */,
				D042B0281D153AF60095D480 /* BLAMProgressMonitorTests */,
			);
		};
/* End PBXProject section */

/* Begin PBXResourcesBuildPhase section */
		D042AFEB1D11C3620095D480 /* Resources */ = {
			isa = PBXResourcesBuildPhase;
			buildActionMask = 2147483647;
			files = (
				D042B00D1D11C41E0095D480 /* BLAMProgressMonitorVC.xib in Resources */,
				D042AFFE1D11C3620095D480 /* LaunchScreen.storyboard in Resources */,
				D042AFFB1D11C3620095D480 /* Assets.xcassets in Resources */,
				D042B01A1D147D5D0095D480 /* BGSPMTableView.xib in Resources */,
				D042AFF61D11C3620095D480 /* Main.storyboard in Resources */,
			);
			runOnlyForDeploymentPostprocessing = 0;
		};
		D042B0271D153AF60095D480 /* Resources */ = {
			isa = PBXResourcesBuildPhase;
			buildActionMask = 2147483647;
			files = (
			);
			runOnlyForDeploymentPostprocessing = 0;
		};
/* End PBXResourcesBuildPhase section */

/* Begin PBXSourcesBuildPhase section */
		D042AFE91D11C3620095D480 /* Sources */ = {
			isa = PBXSourcesBuildPhase;
			buildActionMask = 2147483647;
			files = (
				D042AFF31D11C3620095D480 /* ViewController.swift in Sources */,
				D042B00C1D11C41E0095D480 /* BLAMProgressMonitorVC.swift in Sources */,
				D042B03C1D16FC4D0095D480 /* JobStep+CoreDataProperties.swift in Sources */,
				D042AFF91D11C3620095D480 /* BLAMProgressMonitor.xcdatamodeld in Sources */,
				D042B0071D11C3A00095D480 /* UIApplicationExtensions.swift in Sources */,
				D042B01E1D1534730095D480 /* BGSPMTableViewDataSource.swift in Sources */,
				D042B03B1D16FC4D0095D480 /* Job.swift in Sources */,
				D042B0121D11C5410095D480 /* BGSTransitionCenteredAnimator.swift in Sources */,
				D042B0191D147D5D0095D480 /* BGSPMTableView.swift in Sources */,
				D042B0101D11C4B70095D480 /* BGSTransitionCenteredModal.swift in Sources */,
				D042B0211D1536D40095D480 /* BGSPMCoreData.swift in Sources */,
				D042B03A1D16FC4D0095D480 /* Job+CoreDataProperties.swift in Sources */,
				D042AFF11D11C3620095D480 /* AppDelegate.swift in Sources */,
				D042B0151D12AA020095D480 /* BGSUICircleView.swift in Sources */,
				D042B0241D15383D0095D480 /* BGSPMDataModel.xcdatamodeld in Sources */,
				D042B03D1D16FC4D0095D480 /* JobStep.swift in Sources */,
			);
			runOnlyForDeploymentPostprocessing = 0;
		};
		D042B0251D153AF60095D480 /* Sources */ = {
			isa = PBXSourcesBuildPhase;
			buildActionMask = 2147483647;
			files = (
				D042B02C1D153AF60095D480 /* BLAMProgressMonitorTests.swift in Sources */,
				D042B0351D153E110095D480 /* BGSPMCoreData.swift in Sources */,
				D042B0341D153C220095D480 /* BLAMPMCoreDataTests.swift in Sources */,
			);
			runOnlyForDeploymentPostprocessing = 0;
		};
/* End PBXSourcesBuildPhase section */

/* Begin PBXTargetDependency section */
		D042B02F1D153AF60095D480 /* PBXTargetDependency */ = {
			isa = PBXTargetDependency;
			target = D042AFEC1D11C3620095D480 /* BLAMProgressMonitor */;
			targetProxy = D042B02E1D153AF60095D480 /* PBXContainerItemProxy */;
		};
/* End PBXTargetDependency section */

/* Begin PBXVariantGroup section */
		D042AFF41D11C3620095D480 /* Main.storyboard */ = {
			isa = PBXVariantGroup;
			children = (
				D042AFF51D11C3620095D480 /* Base */,
			);
			name = Main.storyboard;
			sourceTree = "<group>";
		};
		D042AFFC1D11C3620095D480 /* LaunchScreen.storyboard */ = {
			isa = PBXVariantGroup;
			children = (
				D042AFFD1D11C3620095D480 /* Base */,
			);
			name = LaunchScreen.storyboard;
			sourceTree = "<group>";
		};
/* End PBXVariantGroup section */

/* Begin XCBuildConfiguration section */
		D042B0001D11C3620095D480 /* Debug */ = {
			isa = XCBuildConfiguration;
			buildSettings = {
				ALWAYS_SEARCH_USER_PATHS = NO;
				CLANG_ANALYZER_NONNULL = YES;
				CLANG_CXX_LANGUAGE_STANDARD = "gnu++0x";
				CLANG_CXX_LIBRARY = "libc++";
				CLANG_ENABLE_MODULES = YES;
				CLANG_ENABLE_OBJC_ARC = YES;
				CLANG_WARN_BOOL_CONVERSION = YES;
				CLANG_WARN_CONSTANT_CONVERSION = YES;
				CLANG_WARN_DIRECT_OBJC_ISA_USAGE = YES_ERROR;
				CLANG_WARN_EMPTY_BODY = YES;
				CLANG_WARN_ENUM_CONVERSION = YES;
				CLANG_WARN_INT_CONVERSION = YES;
				CLANG_WARN_OBJC_ROOT_CLASS = YES_ERROR;
				CLANG_WARN_UNREACHABLE_CODE = YES;
				CLANG_WARN__DUPLICATE_METHOD_MATCH = YES;
				"CODE_SIGN_IDENTITY[sdk=iphoneos*]" = "iPhone Developer";
				COPY_PHASE_STRIP = NO;
				DEBUG_INFORMATION_FORMAT = dwarf;
				ENABLE_STRICT_OBJC_MSGSEND = YES;
				ENABLE_TESTABILITY = YES;
				GCC_C_LANGUAGE_STANDARD = gnu99;
				GCC_DYNAMIC_NO_PIC = NO;
				GCC_NO_COMMON_BLOCKS = YES;
				GCC_OPTIMIZATION_LEVEL = 0;
				GCC_PREPROCESSOR_DEFINITIONS = (
					"DEBUG=1",
					"$(inherited)",
				);
				GCC_WARN_64_TO_32_BIT_CONVERSION = YES;
				GCC_WARN_ABOUT_RETURN_TYPE = YES_ERROR;
				GCC_WARN_UNDECLARED_SELECTOR = YES;
				GCC_WARN_UNINITIALIZED_AUTOS = YES_AGGRESSIVE;
				GCC_WARN_UNUSED_FUNCTION = YES;
				GCC_WARN_UNUSED_VARIABLE = YES;
				IPHONEOS_DEPLOYMENT_TARGET = 9.3;
				MTL_ENABLE_DEBUG_INFO = YES;
				ONLY_ACTIVE_ARCH = YES;
				SDKROOT = iphoneos;
				SWIFT_OPTIMIZATION_LEVEL = "-Onone";
				TARGETED_DEVICE_FAMILY = "1,2";
			};
			name = Debug;
		};
		D042B0011D11C3620095D480 /* Release */ = {
			isa = XCBuildConfiguration;
			buildSettings = {
				ALWAYS_SEARCH_USER_PATHS = NO;
				CLANG_ANALYZER_NONNULL = YES;
				CLANG_CXX_LANGUAGE_STANDARD = "gnu++0x";
				CLANG_CXX_LIBRARY = "libc++";
				CLANG_ENABLE_MODULES = YES;
				CLANG_ENABLE_OBJC_ARC = YES;
				CLANG_WARN_BOOL_CONVERSION = YES;
				CLANG_WARN_CONSTANT_CONVERSION = YES;
				CLANG_WARN_DIRECT_OBJC_ISA_USAGE = YES_ERROR;
				CLANG_WARN_EMPTY_BODY = YES;
				CLANG_WARN_ENUM_CONVERSION = YES;
				CLANG_WARN_INT_CONVERSION = YES;
				CLANG_WARN_OBJC_ROOT_CLASS = YES_ERROR;
				CLANG_WARN_UNREACHABLE_CODE = YES;
				CLANG_WARN__DUPLICATE_METHOD_MATCH = YES;
				"CODE_SIGN_IDENTITY[sdk=iphoneos*]" = "iPhone Developer";
				COPY_PHASE_STRIP = NO;
				DEBUG_INFORMATION_FORMAT = "dwarf-with-dsym";
				ENABLE_NS_ASSERTIONS = NO;
				ENABLE_STRICT_OBJC_MSGSEND = YES;
				GCC_C_LANGUAGE_STANDARD = gnu99;
				GCC_NO_COMMON_BLOCKS = YES;
				GCC_WARN_64_TO_32_BIT_CONVERSION = YES;
				GCC_WARN_ABOUT_RETURN_TYPE = YES_ERROR;
				GCC_WARN_UNDECLARED_SELECTOR = YES;
				GCC_WARN_UNINITIALIZED_AUTOS = YES_AGGRESSIVE;
				GCC_WARN_UNUSED_FUNCTION = YES;
				GCC_WARN_UNUSED_VARIABLE = YES;
				IPHONEOS_DEPLOYMENT_TARGET = 9.3;
				MTL_ENABLE_DEBUG_INFO = NO;
				SDKROOT = iphoneos;
				TARGETED_DEVICE_FAMILY = "1,2";
				VALIDATE_PRODUCT = YES;
			};
			name = Release;
		};
		D042B0031D11C3620095D480 /* Debug */ = {
			isa = XCBuildConfiguration;
			buildSettings = {
				ASSETCATALOG_COMPILER_APPICON_NAME = AppIcon;
				INFOPLIST_FILE = BLAMProgressMonitor/Info.plist;
				LD_RUNPATH_SEARCH_PATHS = "$(inherited) @executable_path/Frameworks";
				PRODUCT_BUNDLE_IDENTIFIER = com.brightgreenstar.BLAMProgressMonitor;
				PRODUCT_NAME = "$(TARGET_NAME)";
			};
			name = Debug;
		};
		D042B0041D11C3620095D480 /* Release */ = {
			isa = XCBuildConfiguration;
			buildSettings = {
				ASSETCATALOG_COMPILER_APPICON_NAME = AppIcon;
				INFOPLIST_FILE = BLAMProgressMonitor/Info.plist;
				LD_RUNPATH_SEARCH_PATHS = "$(inherited) @executable_path/Frameworks";
				PRODUCT_BUNDLE_IDENTIFIER = com.brightgreenstar.BLAMProgressMonitor;
				PRODUCT_NAME = "$(TARGET_NAME)";
			};
			name = Release;
		};
		D042B0311D153AF60095D480 /* Debug */ = {
			isa = XCBuildConfiguration;
			buildSettings = {
				BUNDLE_LOADER = "$(TEST_HOST)";
				INFOPLIST_FILE = BLAMProgressMonitorTests/Info.plist;
				LD_RUNPATH_SEARCH_PATHS = "$(inherited) @executable_path/Frameworks @loader_path/Frameworks";
				PRODUCT_BUNDLE_IDENTIFIER = com.brightgreenstar.BLAMProgressMonitorTests;
				PRODUCT_NAME = "$(TARGET_NAME)";
				TEST_HOST = "$(BUILT_PRODUCTS_DIR)/BLAMProgressMonitor.app/BLAMProgressMonitor";
			};
			name = Debug;
		};
		D042B0321D153AF60095D480 /* Release */ = {
			isa = XCBuildConfiguration;
			buildSettings = {
				BUNDLE_LOADER = "$(TEST_HOST)";
				INFOPLIST_FILE = BLAMProgressMonitorTests/Info.plist;
				LD_RUNPATH_SEARCH_PATHS = "$(inherited) @executable_path/Frameworks @loader_path/Frameworks";
				PRODUCT_BUNDLE_IDENTIFIER = com.brightgreenstar.BLAMProgressMonitorTests;
				PRODUCT_NAME = "$(TARGET_NAME)";
				TEST_HOST = "$(BUILT_PRODUCTS_DIR)/BLAMProgressMonitor.app/BLAMProgressMonitor";
			};
			name = Release;
		};
/* End XCBuildConfiguration section */

/* Begin XCConfigurationList section */
		D042AFE81D11C3620095D480 /* Build configuration list for PBXProject "BLAMProgressMonitor" */ = {
			isa = XCConfigurationList;
			buildConfigurations = (
				D042B0001D11C3620095D480 /* Debug */,
				D042B0011D11C3620095D480 /* Release */,
			);
			defaultConfigurationIsVisible = 0;
			defaultConfigurationName = Release;
		};
		D042B0021D11C3620095D480 /* Build configuration list for PBXNativeTarget "BLAMProgressMonitor" */ = {
			isa = XCConfigurationList;
			buildConfigurations = (
				D042B0031D11C3620095D480 /* Debug */,
				D042B0041D11C3620095D480 /* Release */,
			);
			defaultConfigurationIsVisible = 0;
		};
		D042B0301D153AF60095D480 /* Build configuration list for PBXNativeTarget "BLAMProgressMonitorTests" */ = {
			isa = XCConfigurationList;
			buildConfigurations = (
				D042B0311D153AF60095D480 /* Debug */,
				D042B0321D153AF60095D480 /* Release */,
			);
			defaultConfigurationIsVisible = 0;
		};
/* End XCConfigurationList section */

/* Begin XCVersionGroup section */
		D042AFF71D11C3620095D480 /* BLAMProgressMonitor.xcdatamodeld */ = {
			isa = XCVersionGroup;
			children = (
				D042AFF81D11C3620095D480 /* BLAMProgressMonitor.xcdatamodel */,
			);
			currentVersion = D042AFF81D11C3620095D480 /* BLAMProgressMonitor.xcdatamodel */;
			path = BLAMProgressMonitor.xcdatamodeld;
			sourceTree = "<group>";
			versionGroupType = wrapper.xcdatamodel;
		};
		D042B0221D15383D0095D480 /* BGSPMDataModel.xcdatamodeld */ = {
			isa = XCVersionGroup;
			children = (
				D042B0231D15383D0095D480 /* BGSPMDataModel.xcdatamodel */,
			);
			currentVersion = D042B0231D15383D0095D480 /* BGSPMDataModel.xcdatamodel */;
			name = BGSPMDataModel.xcdatamodeld;
			path = CoreData/BGSPMDataModel.xcdatamodeld;
			sourceTree = "<group>";
			versionGroupType = wrapper.xcdatamodel;
		};
/* End XCVersionGroup section */
	};
	rootObject = D042AFE51D11C3620095D480 /* Project object */;
}
